
Microsoft Visual Studio Solution File, Format Version 12.00
# Visual Studio Version 17
VisualStudioVersion = 17.9.34607.119
MinimumVisualStudioVersion = 10.0.40219.1
Project("{FAE04EC0-301F-11D3-BF4B-00C04F79EFBC}") = "my_first_project", "WebApplication4\my_first_project.csproj", "{0F681A8E-87D9-49B3-B444-DF6025DBFBF8}"
EndProject
Global
	GlobalSection(SolutionConfigurationPlatforms) = preSolution
		Debug|Any CPU = Debug|Any CPU
		Release|Any CPU = Release|Any CPU
	EndGlobalSection
	GlobalSection(ProjectConfigurationPlatforms) = postSolution
		{0F681A8E-87D9-49B3-B444-DF6025DBFBF8}.Debug|Any CPU.ActiveCfg = Debug|Any CPU
		{0F681A8E-87D9-49B3-B444-DF6025DBFBF8}.Debug|Any CPU.Build.0 = Debug|Any CPU
		{0F681A8E-87D9-49B3-B444-DF6025DBFBF8}.Release|Any CPU.ActiveCfg = Release|Any CPU
		{0F681A8E-87D9-49B3-B444-DF6025DBFBF8}.Release|Any CPU.Build.0 = Release|Any CPU
	EndGlobalSection
	GlobalSection(SolutionProperties) = preSolution
		HideSolutionNode = FALSE
	EndGlobalSection
	GlobalSection(ExtensibilityGlobals) = postSolution
		SolutionGuid = {056F3ABE-0ADC-4E5B-B3B8-7D80BE897EEC}
	EndGlobalSection
EndGlobal
